
Microsoft Visual Studio Solution File, Format Version 12.00
# Visual Studio Version 17
VisualStudioVersion = 17.5.33424.131
MinimumVisualStudioVersion = 10.0.40219.1
Project("{8BC9CEB8-8B4A-11D0-8D11-00A0C91BC942}") = "001_AR47Start", "001_AR47Start\001_AR47Start.vcxproj", "{5AE4E615-C823-4335-8AB1-5D81B4231FCE}"
EndProject
Project("{8BC9CEB8-8B4A-11D0-8D11-00A0C91BC942}") = "004_Var", "004_Var\004_Var.vcxproj", "{8CD018F9-55BA-4A01-BD1C-97845D3D1971}"
EndProject
Project("{8BC9CEB8-8B4A-11D0-8D11-00A0C91BC942}") = "002_Compaile", "002_Compaile\002_Compaile.vcxproj", "{6E54F63C-40EF-4CF8-96EC-2E116261FA58}"
EndProject
Project("{8BC9CEB8-8B4A-11D0-8D11-00A0C91BC942}") = "003_MainFunction", "003_MainFunction\003_MainFunction.vcxproj", "{011403FE-9365-4147-A330-ECA77410E414}"
EndProject
Project("{2150E333-8FDC-42A3-9474-1A3956D46DE8}") = "Doc", "Doc", "{8A5042F8-7011-4BE3-AC6B-8B05DA48079F}"
	ProjectSection(SolutionItems) = preProject
		단축키 모음.txt = 단축키 모음.txt
		용어 설명.txt = 용어 설명.txt
	EndProjectSection
EndProject
Project("{8BC9CEB8-8B4A-11D0-8D11-00A0C91BC942}") = "005_Operator000", "005_Operator000\005_Operator000.vcxproj", "{E481B867-A921-40E5-BDD9-2DDBF0289D9A}"
EndProject
Project("{8BC9CEB8-8B4A-11D0-8D11-00A0C91BC942}") = "006_InitOrCopy", "006_InitOrCopy\006_InitOrCopy.vcxproj", "{0CB5FE9B-D103-4E7B-83C0-A9C23953DAFE}"
EndProject
Project("{8BC9CEB8-8B4A-11D0-8D11-00A0C91BC942}") = "007_Operator001", "007_Operator001\007_Operator001.vcxproj", "{CE3AC1E1-4C5C-478C-A731-18633F8718F9}"
EndProject
Project("{8BC9CEB8-8B4A-11D0-8D11-00A0C91BC942}") = "008_Bit", "008_Bit\008_Bit.vcxproj", "{758CE263-4635-4FAE-81D6-D29B4AD92883}"
EndProject
Global
	GlobalSection(SolutionConfigurationPlatforms) = preSolution
		Debug|x64 = Debug|x64
		Debug|x86 = Debug|x86
		Release|x64 = Release|x64
		Release|x86 = Release|x86
	EndGlobalSection
	GlobalSection(ProjectConfigurationPlatforms) = postSolution
		{5AE4E615-C823-4335-8AB1-5D81B4231FCE}.Debug|x64.ActiveCfg = Debug|x64
		{5AE4E615-C823-4335-8AB1-5D81B4231FCE}.Debug|x64.Build.0 = Debug|x64
		{5AE4E615-C823-4335-8AB1-5D81B4231FCE}.Debug|x86.ActiveCfg = Debug|Win32
		{5AE4E615-C823-4335-8AB1-5D81B4231FCE}.Debug|x86.Build.0 = Debug|Win32
		{5AE4E615-C823-4335-8AB1-5D81B4231FCE}.Release|x64.ActiveCfg = Release|x64
		{5AE4E615-C823-4335-8AB1-5D81B4231FCE}.Release|x64.Build.0 = Release|x64
		{5AE4E615-C823-4335-8AB1-5D81B4231FCE}.Release|x86.ActiveCfg = Release|Win32
		{5AE4E615-C823-4335-8AB1-5D81B4231FCE}.Release|x86.Build.0 = Release|Win32
		{8CD018F9-55BA-4A01-BD1C-97845D3D1971}.Debug|x64.ActiveCfg = Debug|x64
		{8CD018F9-55BA-4A01-BD1C-97845D3D1971}.Debug|x64.Build.0 = Debug|x64
		{8CD018F9-55BA-4A01-BD1C-97845D3D1971}.Debug|x86.ActiveCfg = Debug|Win32
		{8CD018F9-55BA-4A01-BD1C-97845D3D1971}.Debug|x86.Build.0 = Debug|Win32
		{8CD018F9-55BA-4A01-BD1C-97845D3D1971}.Release|x64.ActiveCfg = Release|x64
		{8CD018F9-55BA-4A01-BD1C-97845D3D1971}.Release|x64.Build.0 = Release|x64
		{8CD018F9-55BA-4A01-BD1C-97845D3D1971}.Release|x86.ActiveCfg = Release|Win32
		{8CD018F9-55BA-4A01-BD1C-97845D3D1971}.Release|x86.Build.0 = Release|Win32
		{6E54F63C-40EF-4CF8-96EC-2E116261FA58}.Debug|x64.ActiveCfg = Debug|x64
		{6E54F63C-40EF-4CF8-96EC-2E116261FA58}.Debug|x64.Build.0 = Debug|x64
		{6E54F63C-40EF-4CF8-96EC-2E116261FA58}.Debug|x86.ActiveCfg = Debug|Win32
		{6E54F63C-40EF-4CF8-96EC-2E116261FA58}.Debug|x86.Build.0 = Debug|Win32
		{6E54F63C-40EF-4CF8-96EC-2E116261FA58}.Release|x64.ActiveCfg = Release|x64
		{6E54F63C-40EF-4CF8-96EC-2E116261FA58}.Release|x64.Build.0 = Release|x64
		{6E54F63C-40EF-4CF8-96EC-2E116261FA58}.Release|x86.ActiveCfg = Release|Win32
		{6E54F63C-40EF-4CF8-96EC-2E116261FA58}.Release|x86.Build.0 = Release|Win32
		{011403FE-9365-4147-A330-ECA77410E414}.Debug|x64.ActiveCfg = Debug|x64
		{011403FE-9365-4147-A330-ECA77410E414}.Debug|x64.Build.0 = Debug|x64
		{011403FE-9365-4147-A330-ECA77410E414}.Debug|x86.ActiveCfg = Debug|Win32
		{011403FE-9365-4147-A330-ECA77410E414}.Debug|x86.Build.0 = Debug|Win32
		{011403FE-9365-4147-A330-ECA77410E414}.Release|x64.ActiveCfg = Release|x64
		{011403FE-9365-4147-A330-ECA77410E414}.Release|x64.Build.0 = Release|x64
		{011403FE-9365-4147-A330-ECA77410E414}.Release|x86.ActiveCfg = Release|Win32
		{011403FE-9365-4147-A330-ECA77410E414}.Release|x86.Build.0 = Release|Win32
		{E481B867-A921-40E5-BDD9-2DDBF0289D9A}.Debug|x64.ActiveCfg = Debug|x64
		{E481B867-A921-40E5-BDD9-2DDBF0289D9A}.Debug|x64.Build.0 = Debug|x64
		{E481B867-A921-40E5-BDD9-2DDBF0289D9A}.Debug|x86.ActiveCfg = Debug|Win32
		{E481B867-A921-40E5-BDD9-2DDBF0289D9A}.Debug|x86.Build.0 = Debug|Win32
		{E481B867-A921-40E5-BDD9-2DDBF0289D9A}.Release|x64.ActiveCfg = Release|x64
		{E481B867-A921-40E5-BDD9-2DDBF0289D9A}.Release|x64.Build.0 = Release|x64
		{E481B867-A921-40E5-BDD9-2DDBF0289D9A}.Release|x86.ActiveCfg = Release|Win32
		{E481B867-A921-40E5-BDD9-2DDBF0289D9A}.Release|x86.Build.0 = Release|Win32
		{0CB5FE9B-D103-4E7B-83C0-A9C23953DAFE}.Debug|x64.ActiveCfg = Debug|x64
		{0CB5FE9B-D103-4E7B-83C0-A9C23953DAFE}.Debug|x64.Build.0 = Debug|x64
		{0CB5FE9B-D103-4E7B-83C0-A9C23953DAFE}.Debug|x86.ActiveCfg = Debug|Win32
		{0CB5FE9B-D103-4E7B-83C0-A9C23953DAFE}.Debug|x86.Build.0 = Debug|Win32
		{0CB5FE9B-D103-4E7B-83C0-A9C23953DAFE}.Release|x64.ActiveCfg = Release|x64
		{0CB5FE9B-D103-4E7B-83C0-A9C23953DAFE}.Release|x64.Build.0 = Release|x64
		{0CB5FE9B-D103-4E7B-83C0-A9C23953DAFE}.Release|x86.ActiveCfg = Release|Win32
		{0CB5FE9B-D103-4E7B-83C0-A9C23953DAFE}.Release|x86.Build.0 = Release|Win32
		{CE3AC1E1-4C5C-478C-A731-18633F8718F9}.Debug|x64.ActiveCfg = Debug|x64
		{CE3AC1E1-4C5C-478C-A731-18633F8718F9}.Debug|x64.Build.0 = Debug|x64
		{CE3AC1E1-4C5C-478C-A731-18633F8718F9}.Debug|x86.ActiveCfg = Debug|Win32
		{CE3AC1E1-4C5C-478C-A731-18633F8718F9}.Debug|x86.Build.0 = Debug|Win32
		{CE3AC1E1-4C5C-478C-A731-18633F8718F9}.Release|x64.ActiveCfg = Release|x64
		{CE3AC1E1-4C5C-478C-A731-18633F8718F9}.Release|x64.Build.0 = Release|x64
		{CE3AC1E1-4C5C-478C-A731-18633F8718F9}.Release|x86.ActiveCfg = Release|Win32
		{CE3AC1E1-4C5C-478C-A731-18633F8718F9}.Release|x86.Build.0 = Release|Win32
		{758CE263-4635-4FAE-81D6-D29B4AD92883}.Debug|x64.ActiveCfg = Debug|x64
		{758CE263-4635-4FAE-81D6-D29B4AD92883}.Debug|x64.Build.0 = Debug|x64
		{758CE263-4635-4FAE-81D6-D29B4AD92883}.Debug|x86.ActiveCfg = Debug|Win32
		{758CE263-4635-4FAE-81D6-D29B4AD92883}.Debug|x86.Build.0 = Debug|Win32
		{758CE263-4635-4FAE-81D6-D29B4AD92883}.Release|x64.ActiveCfg = Release|x64
		{758CE263-4635-4FAE-81D6-D29B4AD92883}.Release|x64.Build.0 = Release|x64
		{758CE263-4635-4FAE-81D6-D29B4AD92883}.Release|x86.ActiveCfg = Release|Win32
		{758CE263-4635-4FAE-81D6-D29B4AD92883}.Release|x86.Build.0 = Release|Win32
	EndGlobalSection
	GlobalSection(SolutionProperties) = preSolution
		HideSolutionNode = FALSE
	EndGlobalSection
	GlobalSection(ExtensibilityGlobals) = postSolution
		SolutionGuid = {D7856141-9826-47C7-8761-5BFF76F6470A}
	EndGlobalSection
EndGlobal
