
Microsoft Visual Studio Solution File, Format Version 12.00
# Visual Studio Version 17
VisualStudioVersion = 17.5.33424.131
MinimumVisualStudioVersion = 10.0.40219.1
Project("{8BC9CEB8-8B4A-11D0-8D11-00A0C91BC942}") = "001_AR47Start", "001_AR47Start\001_AR47Start.vcxproj", "{5AE4E615-C823-4335-8AB1-5D81B4231FCE}"
EndProject
Project("{8BC9CEB8-8B4A-11D0-8D11-00A0C91BC942}") = "004_Var", "004_Var\004_Var.vcxproj", "{8CD018F9-55BA-4A01-BD1C-97845D3D1971}"
EndProject
Project("{8BC9CEB8-8B4A-11D0-8D11-00A0C91BC942}") = "005_Operator", "005_Operator\005_Operator.vcxproj", "{FD0544B8-C7FE-4F4B-8F14-A338673D99EF}"
EndProject
Global
	GlobalSection(SolutionConfigurationPlatforms) = preSolution
		Debug|x64 = Debug|x64
		Debug|x86 = Debug|x86
		Release|x64 = Release|x64
		Release|x86 = Release|x86
	EndGlobalSection
	GlobalSection(ProjectConfigurationPlatforms) = postSolution
		{5AE4E615-C823-4335-8AB1-5D81B4231FCE}.Debug|x64.ActiveCfg = Debug|x64
		{5AE4E615-C823-4335-8AB1-5D81B4231FCE}.Debug|x64.Build.0 = Debug|x64
		{5AE4E615-C823-4335-8AB1-5D81B4231FCE}.Debug|x86.ActiveCfg = Debug|Win32
		{5AE4E615-C823-4335-8AB1-5D81B4231FCE}.Debug|x86.Build.0 = Debug|Win32
		{5AE4E615-C823-4335-8AB1-5D81B4231FCE}.Release|x64.ActiveCfg = Release|x64
		{5AE4E615-C823-4335-8AB1-5D81B4231FCE}.Release|x64.Build.0 = Release|x64
		{5AE4E615-C823-4335-8AB1-5D81B4231FCE}.Release|x86.ActiveCfg = Release|Win32
		{5AE4E615-C823-4335-8AB1-5D81B4231FCE}.Release|x86.Build.0 = Release|Win32
		{8CD018F9-55BA-4A01-BD1C-97845D3D1971}.Debug|x64.ActiveCfg = Debug|x64
		{8CD018F9-55BA-4A01-BD1C-97845D3D1971}.Debug|x64.Build.0 = Debug|x64
		{8CD018F9-55BA-4A01-BD1C-97845D3D1971}.Debug|x86.ActiveCfg = Debug|Win32
		{8CD018F9-55BA-4A01-BD1C-97845D3D1971}.Debug|x86.Build.0 = Debug|Win32
		{8CD018F9-55BA-4A01-BD1C-97845D3D1971}.Release|x64.ActiveCfg = Release|x64
		{8CD018F9-55BA-4A01-BD1C-97845D3D1971}.Release|x64.Build.0 = Release|x64
		{8CD018F9-55BA-4A01-BD1C-97845D3D1971}.Release|x86.ActiveCfg = Release|Win32
		{8CD018F9-55BA-4A01-BD1C-97845D3D1971}.Release|x86.Build.0 = Release|Win32
		{FD0544B8-C7FE-4F4B-8F14-A338673D99EF}.Debug|x64.ActiveCfg = Debug|x64
		{FD0544B8-C7FE-4F4B-8F14-A338673D99EF}.Debug|x64.Build.0 = Debug|x64
		{FD0544B8-C7FE-4F4B-8F14-A338673D99EF}.Debug|x86.ActiveCfg = Debug|Win32
		{FD0544B8-C7FE-4F4B-8F14-A338673D99EF}.Debug|x86.Build.0 = Debug|Win32
		{FD0544B8-C7FE-4F4B-8F14-A338673D99EF}.Release|x64.ActiveCfg = Release|x64
		{FD0544B8-C7FE-4F4B-8F14-A338673D99EF}.Release|x64.Build.0 = Release|x64
		{FD0544B8-C7FE-4F4B-8F14-A338673D99EF}.Release|x86.ActiveCfg = Release|Win32
		{FD0544B8-C7FE-4F4B-8F14-A338673D99EF}.Release|x86.Build.0 = Release|Win32
	EndGlobalSection
	GlobalSection(SolutionProperties) = preSolution
		HideSolutionNode = FALSE
	EndGlobalSection
	GlobalSection(ExtensibilityGlobals) = postSolution
		SolutionGuid = {D7856141-9826-47C7-8761-5BFF76F6470A}
	EndGlobalSection
EndGlobal
