
Microsoft Visual Studio Solution File, Format Version 12.00
# Visual Studio Version 17
VisualStudioVersion = 17.5.33424.131
MinimumVisualStudioVersion = 10.0.40219.1
Project("{8BC9CEB8-8B4A-11D0-8D11-00A0C91BC942}") = "001_AR47Start", "001_AR47Start\001_AR47Start.vcxproj", "{5AE4E615-C823-4335-8AB1-5D81B4231FCE}"
EndProject
Project("{8BC9CEB8-8B4A-11D0-8D11-00A0C91BC942}") = "004_Var", "004_Var\004_Var.vcxproj", "{8CD018F9-55BA-4A01-BD1C-97845D3D1971}"
EndProject
Project("{8BC9CEB8-8B4A-11D0-8D11-00A0C91BC942}") = "002_Compaile", "002_Compaile\002_Compaile.vcxproj", "{6E54F63C-40EF-4CF8-96EC-2E116261FA58}"
EndProject
Project("{8BC9CEB8-8B4A-11D0-8D11-00A0C91BC942}") = "003_MainFunction", "003_MainFunction\003_MainFunction.vcxproj", "{011403FE-9365-4147-A330-ECA77410E414}"
EndProject
Project("{2150E333-8FDC-42A3-9474-1A3956D46DE8}") = "Doc", "Doc", "{8A5042F8-7011-4BE3-AC6B-8B05DA48079F}"
	ProjectSection(SolutionItems) = preProject
		단축키 모음.txt = 단축키 모음.txt
		메모리 영역.txt = 메모리 영역.txt
		용어 설명.txt = 용어 설명.txt
	EndProjectSection
EndProject
Project("{8BC9CEB8-8B4A-11D0-8D11-00A0C91BC942}") = "005_Operator000", "005_Operator000\005_Operator000.vcxproj", "{E481B867-A921-40E5-BDD9-2DDBF0289D9A}"
EndProject
Project("{8BC9CEB8-8B4A-11D0-8D11-00A0C91BC942}") = "006_InitOrCopy", "006_InitOrCopy\006_InitOrCopy.vcxproj", "{0CB5FE9B-D103-4E7B-83C0-A9C23953DAFE}"
EndProject
Project("{8BC9CEB8-8B4A-11D0-8D11-00A0C91BC942}") = "007_Operator001", "007_Operator001\007_Operator001.vcxproj", "{CE3AC1E1-4C5C-478C-A731-18633F8718F9}"
EndProject
Project("{8BC9CEB8-8B4A-11D0-8D11-00A0C91BC942}") = "008_Bit", "008_Bit\008_Bit.vcxproj", "{758CE263-4635-4FAE-81D6-D29B4AD92883}"
EndProject
Project("{8BC9CEB8-8B4A-11D0-8D11-00A0C91BC942}") = "009_Semicolon", "009_Semicolon\009_Semicolon.vcxproj", "{4D49A2D3-2A1C-4DB2-A0F0-DD05DD19A4EF}"
EndProject
Project("{8BC9CEB8-8B4A-11D0-8D11-00A0C91BC942}") = "010_Operator002", "010_Operator002\010_Operator002.vcxproj", "{A5ABFFF4-BDFA-48C5-BCF7-AB993B163244}"
EndProject
Project("{8BC9CEB8-8B4A-11D0-8D11-00A0C91BC942}") = "011_Operator003", "011_Operator003\011_Operator003.vcxproj", "{943BE0CC-FB67-45A1-9FA2-B90EFCEED4A9}"
EndProject
Project("{8BC9CEB8-8B4A-11D0-8D11-00A0C91BC942}") = "012_FunctionAndMemory", "012_FunctionAndMemory\012_FunctionAndMemory.vcxproj", "{F6CA3425-F41D-464A-8349-059FC685AE22}"
EndProject
Project("{8BC9CEB8-8B4A-11D0-8D11-00A0C91BC942}") = "013_Function", "013_Function\013_Function.vcxproj", "{3F0B4489-B701-4E7A-A9AC-FD806590EF9F}"
EndProject
Project("{8BC9CEB8-8B4A-11D0-8D11-00A0C91BC942}") = "014_Unsigned", "014_Unsigned\014_Unsigned.vcxproj", "{7F20EDCD-B15A-4CFB-B6DA-240321270E86}"
EndProject
Project("{8BC9CEB8-8B4A-11D0-8D11-00A0C91BC942}") = "015_Character", "015_Character\015_Character.vcxproj", "{EC9C7088-FC61-49D3-9132-77EF1DFF0F2F}"
EndProject
Project("{8BC9CEB8-8B4A-11D0-8D11-00A0C91BC942}") = "016_ArrayToString", "016_ArrayToString\016_ArrayToString.vcxproj", "{5288B2BC-33F9-4DDC-B96A-8CC9528DEA04}"
EndProject
Project("{8BC9CEB8-8B4A-11D0-8D11-00A0C91BC942}") = "017_Printf", "017_Printf\017_Printf.vcxproj", "{03692F8C-D52A-4CAA-9236-D46DE85FF745}"
EndProject
Project("{8BC9CEB8-8B4A-11D0-8D11-00A0C91BC942}") = "018_Const", "018_Const\018_Const.vcxproj", "{46B432DF-75A5-4BF1-BA13-C34FAB8E73B5}"
EndProject
Project("{8BC9CEB8-8B4A-11D0-8D11-00A0C91BC942}") = "019_Inline", "019_Inline\019_Inline.vcxproj", "{0D5018BE-1868-40A6-A7EA-C7067357A473}"
EndProject
Project("{8BC9CEB8-8B4A-11D0-8D11-00A0C91BC942}") = "020_Pointer", "020_Pointer\020_Pointer.vcxproj", "{6005FD01-CEB9-4605-863A-0B30EBEE7E85}"
EndProject
Project("{8BC9CEB8-8B4A-11D0-8D11-00A0C91BC942}") = "021_PointerOperator", "021_PointerOperator\021_PointerOperator.vcxproj", "{A00B9301-C7AD-4059-9F92-84DCDB35FDCD}"
EndProject
Project("{8BC9CEB8-8B4A-11D0-8D11-00A0C91BC942}") = "022_nullptr", "022_nullptr\022_nullptr.vcxproj", "{A3895F52-E0A7-47FC-9D9C-3081DC2EEC07}"
EndProject
Project("{8BC9CEB8-8B4A-11D0-8D11-00A0C91BC942}") = "023_Reference", "023_Reference\023_Reference.vcxproj", "{623C5C4C-99A1-4152-801C-7116B6C23183}"
EndProject
Project("{8BC9CEB8-8B4A-11D0-8D11-00A0C91BC942}") = "024_const002", "024_const002\024_const002.vcxproj", "{E4DB5CA1-DA6F-43A0-8DD7-BABADFA2B8A1}"
EndProject
Project("{8BC9CEB8-8B4A-11D0-8D11-00A0C91BC942}") = "025_TypeChange", "025_TypeChange\025_TypeChange.vcxproj", "{02E241B6-8489-4A95-8377-7C22B9F1289F}"
EndProject
Project("{8BC9CEB8-8B4A-11D0-8D11-00A0C91BC942}") = "026_Printf_s", "026_Printf_s\026_Printf_s.vcxproj", "{6776A649-AFD8-4579-9CCE-3075021B3025}"
EndProject
Project("{8BC9CEB8-8B4A-11D0-8D11-00A0C91BC942}") = "027_While", "027_While\027_While.vcxproj", "{37F88C47-32D1-43BB-9EC5-B120A14B07C9}"
EndProject
Project("{8BC9CEB8-8B4A-11D0-8D11-00A0C91BC942}") = "028_Vatiableargument", "028_Vatiableargument\028_Vatiableargument.vcxproj", "{7163C9EA-49E7-42B3-9664-F2F4839B7F19}"
EndProject
Project("{8BC9CEB8-8B4A-11D0-8D11-00A0C91BC942}") = "029_Printf_s_Create", "029_Printf_s_Create\029_Printf_s_Create.vcxproj", "{BA5FB5D8-F038-4564-8326-2F478FDC6D34}"
EndProject
Project("{2150E333-8FDC-42A3-9474-1A3956D46DE8}") = "HomeWork", "HomeWork", "{856F35E2-8D4F-46C9-9C23-02BD45F2316E}"
EndProject
Project("{8BC9CEB8-8B4A-11D0-8D11-00A0C91BC942}") = "HomeWork", "HomeWork\HomeWork.vcxproj", "{CBA311E9-7108-41D5-ABCE-5C1DA17CE0AE}"
EndProject
Project("{8BC9CEB8-8B4A-11D0-8D11-00A0C91BC942}") = "030_PointOperator002", "030_PointOperator002\030_PointOperator002.vcxproj", "{DDBADFB7-B9EA-40CF-A8BC-466850934E84}"
EndProject
Project("{8BC9CEB8-8B4A-11D0-8D11-00A0C91BC942}") = "031_If", "031_If\031_If.vcxproj", "{03006CEB-068E-4C19-BB67-4B389339BD80}"
EndProject
Project("{8BC9CEB8-8B4A-11D0-8D11-00A0C91BC942}") = "032_Switch", "032_Switch\032_Switch.vcxproj", "{C2B09684-F5D6-45F6-93DC-ECA209926E61}"
EndProject
Project("{8BC9CEB8-8B4A-11D0-8D11-00A0C91BC942}") = "033_MyPrintf", "033_MyPrintf\033_MyPrintf.vcxproj", "{9CD1ED5B-8AE5-421D-A564-8AC723A66BE0}"
EndProject
Project("{8BC9CEB8-8B4A-11D0-8D11-00A0C91BC942}") = "034_Random", "034_Random\034_Random.vcxproj", "{36BE6302-A841-4737-9572-7F634EAC237D}"
EndProject
Project("{8BC9CEB8-8B4A-11D0-8D11-00A0C91BC942}") = "035_For", "035_For\035_For.vcxproj", "{95EB826B-4F4E-427D-91A0-E8D2CF613736}"
EndProject
Project("{8BC9CEB8-8B4A-11D0-8D11-00A0C91BC942}") = "036_Global", "036_Global\036_Global.vcxproj", "{032B2CD4-A7F9-4CAE-BCFE-0D420304ECAC}"
EndProject
Project("{8BC9CEB8-8B4A-11D0-8D11-00A0C91BC942}") = "037_typedef", "037_typedef\037_typedef.vcxproj", "{B12EA4D9-070E-4AC2-AE6D-FE439EACDE4D}"
EndProject
Project("{8BC9CEB8-8B4A-11D0-8D11-00A0C91BC942}") = "HomeWork0321", "HomeWork0321\HomeWork0321.vcxproj", "{80DD9321-D9D0-4DAB-8195-EBC265574B43}"
EndProject
Project("{8BC9CEB8-8B4A-11D0-8D11-00A0C91BC942}") = "038_BreakAndContinue", "038_BreakAndContinue\038_BreakAndContinue.vcxproj", "{CBBE7B32-C1D9-4B5D-BABF-F782C1400231}"
EndProject
Project("{8BC9CEB8-8B4A-11D0-8D11-00A0C91BC942}") = "039_Class000", "039_Class000\039_Class000.vcxproj", "{855DD395-C72D-4E86-96CC-8C7B83877E8E}"
EndProject
Project("{8BC9CEB8-8B4A-11D0-8D11-00A0C91BC942}") = "040_Class001", "040_Class001\040_Class001.vcxproj", "{A8765AA3-7B0A-4547-A60E-2651123709EF}"
EndProject
Project("{8BC9CEB8-8B4A-11D0-8D11-00A0C91BC942}") = "041_Class002_UserAccess", "041_Class002_UserAccess\041_Class002_UserAccess.vcxproj", "{5190FD7F-22A0-4463-AEE1-E379787A1293}"
EndProject
Project("{8BC9CEB8-8B4A-11D0-8D11-00A0C91BC942}") = "042_Class003_Struct", "042_Class003_Struct\042_Class003_Struct.vcxproj", "{CEA352CD-0140-4C6B-9C3C-EF99A6EC5D46}"
EndProject
Project("{8BC9CEB8-8B4A-11D0-8D11-00A0C91BC942}") = "043_Arr2d", "043_Arr2d\043_Arr2d.vcxproj", "{29DF3834-FA58-4A01-B690-69414F1EEE7A}"
EndProject
Project("{8BC9CEB8-8B4A-11D0-8D11-00A0C91BC942}") = "044_Member", "044_Member\044_Member.vcxproj", "{086277AC-445F-42E9-8E84-55C7A25F4F37}"
EndProject
Project("{8BC9CEB8-8B4A-11D0-8D11-00A0C91BC942}") = "045_NameSpace", "045_NameSpace\045_NameSpace.vcxproj", "{6CBFB060-F98E-44C0-A1CB-887E1FE6C21A}"
EndProject
Project("{8BC9CEB8-8B4A-11D0-8D11-00A0C91BC942}") = "046_BytePadding", "046_BytePadding\046_BytePadding.vcxproj", "{4499A438-71E3-4B44-AA6C-BDB47A287022}"
EndProject
Project("{8BC9CEB8-8B4A-11D0-8D11-00A0C91BC942}") = "HomeWork0321_2", "HomeWork0321_2\HomeWork0321_2.vcxproj", "{01E94B34-4299-4861-BDFC-922216B66755}"
EndProject
Project("{8BC9CEB8-8B4A-11D0-8D11-00A0C91BC942}") = "047_ClassConstructer", "047_ClassConstructer\047_ClassConstructer.vcxproj", "{684581CA-05C1-472F-AEB9-DAF10D27ECE8}"
EndProject
Project("{8BC9CEB8-8B4A-11D0-8D11-00A0C91BC942}") = "048_This", "048_This\048_This.vcxproj", "{F169D6A7-A434-4521-8239-D0C3EDEC5827}"
EndProject
Project("{8BC9CEB8-8B4A-11D0-8D11-00A0C91BC942}") = "049_ClassObjectPointer", "049_ClassObjectPointer\049_ClassObjectPointer.vcxproj", "{5467D217-EF7B-4344-8A5C-6B1522E47515}"
EndProject
Project("{8BC9CEB8-8B4A-11D0-8D11-00A0C91BC942}") = "050_ClassOperator", "050_ClassOperator\050_ClassOperator.vcxproj", "{82B8D2B7-5690-4B19-95EE-554A874B32F9}"
EndProject
Project("{8BC9CEB8-8B4A-11D0-8D11-00A0C91BC942}") = "HomeWork0323", "HomeWork0323\HomeWork0323.vcxproj", "{82444963-B209-4EE9-969E-F5BC8F3E7B22}"
EndProject
Global
	GlobalSection(SolutionConfigurationPlatforms) = preSolution
		Debug|x64 = Debug|x64
		Debug|x86 = Debug|x86
		Release|x64 = Release|x64
		Release|x86 = Release|x86
	EndGlobalSection
	GlobalSection(ProjectConfigurationPlatforms) = postSolution
		{5AE4E615-C823-4335-8AB1-5D81B4231FCE}.Debug|x64.ActiveCfg = Debug|x64
		{5AE4E615-C823-4335-8AB1-5D81B4231FCE}.Debug|x64.Build.0 = Debug|x64
		{5AE4E615-C823-4335-8AB1-5D81B4231FCE}.Debug|x86.ActiveCfg = Debug|Win32
		{5AE4E615-C823-4335-8AB1-5D81B4231FCE}.Debug|x86.Build.0 = Debug|Win32
		{5AE4E615-C823-4335-8AB1-5D81B4231FCE}.Release|x64.ActiveCfg = Release|x64
		{5AE4E615-C823-4335-8AB1-5D81B4231FCE}.Release|x64.Build.0 = Release|x64
		{5AE4E615-C823-4335-8AB1-5D81B4231FCE}.Release|x86.ActiveCfg = Release|Win32
		{5AE4E615-C823-4335-8AB1-5D81B4231FCE}.Release|x86.Build.0 = Release|Win32
		{8CD018F9-55BA-4A01-BD1C-97845D3D1971}.Debug|x64.ActiveCfg = Debug|x64
		{8CD018F9-55BA-4A01-BD1C-97845D3D1971}.Debug|x64.Build.0 = Debug|x64
		{8CD018F9-55BA-4A01-BD1C-97845D3D1971}.Debug|x86.ActiveCfg = Debug|Win32
		{8CD018F9-55BA-4A01-BD1C-97845D3D1971}.Debug|x86.Build.0 = Debug|Win32
		{8CD018F9-55BA-4A01-BD1C-97845D3D1971}.Release|x64.ActiveCfg = Release|x64
		{8CD018F9-55BA-4A01-BD1C-97845D3D1971}.Release|x64.Build.0 = Release|x64
		{8CD018F9-55BA-4A01-BD1C-97845D3D1971}.Release|x86.ActiveCfg = Release|Win32
		{8CD018F9-55BA-4A01-BD1C-97845D3D1971}.Release|x86.Build.0 = Release|Win32
		{6E54F63C-40EF-4CF8-96EC-2E116261FA58}.Debug|x64.ActiveCfg = Debug|x64
		{6E54F63C-40EF-4CF8-96EC-2E116261FA58}.Debug|x64.Build.0 = Debug|x64
		{6E54F63C-40EF-4CF8-96EC-2E116261FA58}.Debug|x86.ActiveCfg = Debug|Win32
		{6E54F63C-40EF-4CF8-96EC-2E116261FA58}.Debug|x86.Build.0 = Debug|Win32
		{6E54F63C-40EF-4CF8-96EC-2E116261FA58}.Release|x64.ActiveCfg = Release|x64
		{6E54F63C-40EF-4CF8-96EC-2E116261FA58}.Release|x64.Build.0 = Release|x64
		{6E54F63C-40EF-4CF8-96EC-2E116261FA58}.Release|x86.ActiveCfg = Release|Win32
		{6E54F63C-40EF-4CF8-96EC-2E116261FA58}.Release|x86.Build.0 = Release|Win32
		{011403FE-9365-4147-A330-ECA77410E414}.Debug|x64.ActiveCfg = Debug|x64
		{011403FE-9365-4147-A330-ECA77410E414}.Debug|x64.Build.0 = Debug|x64
		{011403FE-9365-4147-A330-ECA77410E414}.Debug|x86.ActiveCfg = Debug|Win32
		{011403FE-9365-4147-A330-ECA77410E414}.Debug|x86.Build.0 = Debug|Win32
		{011403FE-9365-4147-A330-ECA77410E414}.Release|x64.ActiveCfg = Release|x64
		{011403FE-9365-4147-A330-ECA77410E414}.Release|x64.Build.0 = Release|x64
		{011403FE-9365-4147-A330-ECA77410E414}.Release|x86.ActiveCfg = Release|Win32
		{011403FE-9365-4147-A330-ECA77410E414}.Release|x86.Build.0 = Release|Win32
		{E481B867-A921-40E5-BDD9-2DDBF0289D9A}.Debug|x64.ActiveCfg = Debug|x64
		{E481B867-A921-40E5-BDD9-2DDBF0289D9A}.Debug|x64.Build.0 = Debug|x64
		{E481B867-A921-40E5-BDD9-2DDBF0289D9A}.Debug|x86.ActiveCfg = Debug|Win32
		{E481B867-A921-40E5-BDD9-2DDBF0289D9A}.Debug|x86.Build.0 = Debug|Win32
		{E481B867-A921-40E5-BDD9-2DDBF0289D9A}.Release|x64.ActiveCfg = Release|x64
		{E481B867-A921-40E5-BDD9-2DDBF0289D9A}.Release|x64.Build.0 = Release|x64
		{E481B867-A921-40E5-BDD9-2DDBF0289D9A}.Release|x86.ActiveCfg = Release|Win32
		{E481B867-A921-40E5-BDD9-2DDBF0289D9A}.Release|x86.Build.0 = Release|Win32
		{0CB5FE9B-D103-4E7B-83C0-A9C23953DAFE}.Debug|x64.ActiveCfg = Debug|x64
		{0CB5FE9B-D103-4E7B-83C0-A9C23953DAFE}.Debug|x64.Build.0 = Debug|x64
		{0CB5FE9B-D103-4E7B-83C0-A9C23953DAFE}.Debug|x86.ActiveCfg = Debug|Win32
		{0CB5FE9B-D103-4E7B-83C0-A9C23953DAFE}.Debug|x86.Build.0 = Debug|Win32
		{0CB5FE9B-D103-4E7B-83C0-A9C23953DAFE}.Release|x64.ActiveCfg = Release|x64
		{0CB5FE9B-D103-4E7B-83C0-A9C23953DAFE}.Release|x64.Build.0 = Release|x64
		{0CB5FE9B-D103-4E7B-83C0-A9C23953DAFE}.Release|x86.ActiveCfg = Release|Win32
		{0CB5FE9B-D103-4E7B-83C0-A9C23953DAFE}.Release|x86.Build.0 = Release|Win32
		{CE3AC1E1-4C5C-478C-A731-18633F8718F9}.Debug|x64.ActiveCfg = Debug|x64
		{CE3AC1E1-4C5C-478C-A731-18633F8718F9}.Debug|x64.Build.0 = Debug|x64
		{CE3AC1E1-4C5C-478C-A731-18633F8718F9}.Debug|x86.ActiveCfg = Debug|Win32
		{CE3AC1E1-4C5C-478C-A731-18633F8718F9}.Debug|x86.Build.0 = Debug|Win32
		{CE3AC1E1-4C5C-478C-A731-18633F8718F9}.Release|x64.ActiveCfg = Release|x64
		{CE3AC1E1-4C5C-478C-A731-18633F8718F9}.Release|x64.Build.0 = Release|x64
		{CE3AC1E1-4C5C-478C-A731-18633F8718F9}.Release|x86.ActiveCfg = Release|Win32
		{CE3AC1E1-4C5C-478C-A731-18633F8718F9}.Release|x86.Build.0 = Release|Win32
		{758CE263-4635-4FAE-81D6-D29B4AD92883}.Debug|x64.ActiveCfg = Debug|x64
		{758CE263-4635-4FAE-81D6-D29B4AD92883}.Debug|x64.Build.0 = Debug|x64
		{758CE263-4635-4FAE-81D6-D29B4AD92883}.Debug|x86.ActiveCfg = Debug|Win32
		{758CE263-4635-4FAE-81D6-D29B4AD92883}.Debug|x86.Build.0 = Debug|Win32
		{758CE263-4635-4FAE-81D6-D29B4AD92883}.Release|x64.ActiveCfg = Release|x64
		{758CE263-4635-4FAE-81D6-D29B4AD92883}.Release|x64.Build.0 = Release|x64
		{758CE263-4635-4FAE-81D6-D29B4AD92883}.Release|x86.ActiveCfg = Release|Win32
		{758CE263-4635-4FAE-81D6-D29B4AD92883}.Release|x86.Build.0 = Release|Win32
		{4D49A2D3-2A1C-4DB2-A0F0-DD05DD19A4EF}.Debug|x64.ActiveCfg = Debug|x64
		{4D49A2D3-2A1C-4DB2-A0F0-DD05DD19A4EF}.Debug|x64.Build.0 = Debug|x64
		{4D49A2D3-2A1C-4DB2-A0F0-DD05DD19A4EF}.Debug|x86.ActiveCfg = Debug|Win32
		{4D49A2D3-2A1C-4DB2-A0F0-DD05DD19A4EF}.Debug|x86.Build.0 = Debug|Win32
		{4D49A2D3-2A1C-4DB2-A0F0-DD05DD19A4EF}.Release|x64.ActiveCfg = Release|x64
		{4D49A2D3-2A1C-4DB2-A0F0-DD05DD19A4EF}.Release|x64.Build.0 = Release|x64
		{4D49A2D3-2A1C-4DB2-A0F0-DD05DD19A4EF}.Release|x86.ActiveCfg = Release|Win32
		{4D49A2D3-2A1C-4DB2-A0F0-DD05DD19A4EF}.Release|x86.Build.0 = Release|Win32
		{A5ABFFF4-BDFA-48C5-BCF7-AB993B163244}.Debug|x64.ActiveCfg = Debug|x64
		{A5ABFFF4-BDFA-48C5-BCF7-AB993B163244}.Debug|x64.Build.0 = Debug|x64
		{A5ABFFF4-BDFA-48C5-BCF7-AB993B163244}.Debug|x86.ActiveCfg = Debug|Win32
		{A5ABFFF4-BDFA-48C5-BCF7-AB993B163244}.Debug|x86.Build.0 = Debug|Win32
		{A5ABFFF4-BDFA-48C5-BCF7-AB993B163244}.Release|x64.ActiveCfg = Release|x64
		{A5ABFFF4-BDFA-48C5-BCF7-AB993B163244}.Release|x64.Build.0 = Release|x64
		{A5ABFFF4-BDFA-48C5-BCF7-AB993B163244}.Release|x86.ActiveCfg = Release|Win32
		{A5ABFFF4-BDFA-48C5-BCF7-AB993B163244}.Release|x86.Build.0 = Release|Win32
		{943BE0CC-FB67-45A1-9FA2-B90EFCEED4A9}.Debug|x64.ActiveCfg = Debug|x64
		{943BE0CC-FB67-45A1-9FA2-B90EFCEED4A9}.Debug|x64.Build.0 = Debug|x64
		{943BE0CC-FB67-45A1-9FA2-B90EFCEED4A9}.Debug|x86.ActiveCfg = Debug|Win32
		{943BE0CC-FB67-45A1-9FA2-B90EFCEED4A9}.Debug|x86.Build.0 = Debug|Win32
		{943BE0CC-FB67-45A1-9FA2-B90EFCEED4A9}.Release|x64.ActiveCfg = Release|x64
		{943BE0CC-FB67-45A1-9FA2-B90EFCEED4A9}.Release|x64.Build.0 = Release|x64
		{943BE0CC-FB67-45A1-9FA2-B90EFCEED4A9}.Release|x86.ActiveCfg = Release|Win32
		{943BE0CC-FB67-45A1-9FA2-B90EFCEED4A9}.Release|x86.Build.0 = Release|Win32
		{F6CA3425-F41D-464A-8349-059FC685AE22}.Debug|x64.ActiveCfg = Debug|x64
		{F6CA3425-F41D-464A-8349-059FC685AE22}.Debug|x64.Build.0 = Debug|x64
		{F6CA3425-F41D-464A-8349-059FC685AE22}.Debug|x86.ActiveCfg = Debug|Win32
		{F6CA3425-F41D-464A-8349-059FC685AE22}.Debug|x86.Build.0 = Debug|Win32
		{F6CA3425-F41D-464A-8349-059FC685AE22}.Release|x64.ActiveCfg = Release|x64
		{F6CA3425-F41D-464A-8349-059FC685AE22}.Release|x64.Build.0 = Release|x64
		{F6CA3425-F41D-464A-8349-059FC685AE22}.Release|x86.ActiveCfg = Release|Win32
		{F6CA3425-F41D-464A-8349-059FC685AE22}.Release|x86.Build.0 = Release|Win32
		{3F0B4489-B701-4E7A-A9AC-FD806590EF9F}.Debug|x64.ActiveCfg = Debug|x64
		{3F0B4489-B701-4E7A-A9AC-FD806590EF9F}.Debug|x64.Build.0 = Debug|x64
		{3F0B4489-B701-4E7A-A9AC-FD806590EF9F}.Debug|x86.ActiveCfg = Debug|Win32
		{3F0B4489-B701-4E7A-A9AC-FD806590EF9F}.Debug|x86.Build.0 = Debug|Win32
		{3F0B4489-B701-4E7A-A9AC-FD806590EF9F}.Release|x64.ActiveCfg = Release|x64
		{3F0B4489-B701-4E7A-A9AC-FD806590EF9F}.Release|x64.Build.0 = Release|x64
		{3F0B4489-B701-4E7A-A9AC-FD806590EF9F}.Release|x86.ActiveCfg = Release|Win32
		{3F0B4489-B701-4E7A-A9AC-FD806590EF9F}.Release|x86.Build.0 = Release|Win32
		{7F20EDCD-B15A-4CFB-B6DA-240321270E86}.Debug|x64.ActiveCfg = Debug|x64
		{7F20EDCD-B15A-4CFB-B6DA-240321270E86}.Debug|x64.Build.0 = Debug|x64
		{7F20EDCD-B15A-4CFB-B6DA-240321270E86}.Debug|x86.ActiveCfg = Debug|Win32
		{7F20EDCD-B15A-4CFB-B6DA-240321270E86}.Debug|x86.Build.0 = Debug|Win32
		{7F20EDCD-B15A-4CFB-B6DA-240321270E86}.Release|x64.ActiveCfg = Release|x64
		{7F20EDCD-B15A-4CFB-B6DA-240321270E86}.Release|x64.Build.0 = Release|x64
		{7F20EDCD-B15A-4CFB-B6DA-240321270E86}.Release|x86.ActiveCfg = Release|Win32
		{7F20EDCD-B15A-4CFB-B6DA-240321270E86}.Release|x86.Build.0 = Release|Win32
		{EC9C7088-FC61-49D3-9132-77EF1DFF0F2F}.Debug|x64.ActiveCfg = Debug|x64
		{EC9C7088-FC61-49D3-9132-77EF1DFF0F2F}.Debug|x64.Build.0 = Debug|x64
		{EC9C7088-FC61-49D3-9132-77EF1DFF0F2F}.Debug|x86.ActiveCfg = Debug|Win32
		{EC9C7088-FC61-49D3-9132-77EF1DFF0F2F}.Debug|x86.Build.0 = Debug|Win32
		{EC9C7088-FC61-49D3-9132-77EF1DFF0F2F}.Release|x64.ActiveCfg = Release|x64
		{EC9C7088-FC61-49D3-9132-77EF1DFF0F2F}.Release|x64.Build.0 = Release|x64
		{EC9C7088-FC61-49D3-9132-77EF1DFF0F2F}.Release|x86.ActiveCfg = Release|Win32
		{EC9C7088-FC61-49D3-9132-77EF1DFF0F2F}.Release|x86.Build.0 = Release|Win32
		{5288B2BC-33F9-4DDC-B96A-8CC9528DEA04}.Debug|x64.ActiveCfg = Debug|x64
		{5288B2BC-33F9-4DDC-B96A-8CC9528DEA04}.Debug|x64.Build.0 = Debug|x64
		{5288B2BC-33F9-4DDC-B96A-8CC9528DEA04}.Debug|x86.ActiveCfg = Debug|Win32
		{5288B2BC-33F9-4DDC-B96A-8CC9528DEA04}.Debug|x86.Build.0 = Debug|Win32
		{5288B2BC-33F9-4DDC-B96A-8CC9528DEA04}.Release|x64.ActiveCfg = Release|x64
		{5288B2BC-33F9-4DDC-B96A-8CC9528DEA04}.Release|x64.Build.0 = Release|x64
		{5288B2BC-33F9-4DDC-B96A-8CC9528DEA04}.Release|x86.ActiveCfg = Release|Win32
		{5288B2BC-33F9-4DDC-B96A-8CC9528DEA04}.Release|x86.Build.0 = Release|Win32
		{03692F8C-D52A-4CAA-9236-D46DE85FF745}.Debug|x64.ActiveCfg = Debug|x64
		{03692F8C-D52A-4CAA-9236-D46DE85FF745}.Debug|x64.Build.0 = Debug|x64
		{03692F8C-D52A-4CAA-9236-D46DE85FF745}.Debug|x86.ActiveCfg = Debug|Win32
		{03692F8C-D52A-4CAA-9236-D46DE85FF745}.Debug|x86.Build.0 = Debug|Win32
		{03692F8C-D52A-4CAA-9236-D46DE85FF745}.Release|x64.ActiveCfg = Release|x64
		{03692F8C-D52A-4CAA-9236-D46DE85FF745}.Release|x64.Build.0 = Release|x64
		{03692F8C-D52A-4CAA-9236-D46DE85FF745}.Release|x86.ActiveCfg = Release|Win32
		{03692F8C-D52A-4CAA-9236-D46DE85FF745}.Release|x86.Build.0 = Release|Win32
		{46B432DF-75A5-4BF1-BA13-C34FAB8E73B5}.Debug|x64.ActiveCfg = Debug|x64
		{46B432DF-75A5-4BF1-BA13-C34FAB8E73B5}.Debug|x64.Build.0 = Debug|x64
		{46B432DF-75A5-4BF1-BA13-C34FAB8E73B5}.Debug|x86.ActiveCfg = Debug|Win32
		{46B432DF-75A5-4BF1-BA13-C34FAB8E73B5}.Debug|x86.Build.0 = Debug|Win32
		{46B432DF-75A5-4BF1-BA13-C34FAB8E73B5}.Release|x64.ActiveCfg = Release|x64
		{46B432DF-75A5-4BF1-BA13-C34FAB8E73B5}.Release|x64.Build.0 = Release|x64
		{46B432DF-75A5-4BF1-BA13-C34FAB8E73B5}.Release|x86.ActiveCfg = Release|Win32
		{46B432DF-75A5-4BF1-BA13-C34FAB8E73B5}.Release|x86.Build.0 = Release|Win32
		{0D5018BE-1868-40A6-A7EA-C7067357A473}.Debug|x64.ActiveCfg = Debug|x64
		{0D5018BE-1868-40A6-A7EA-C7067357A473}.Debug|x64.Build.0 = Debug|x64
		{0D5018BE-1868-40A6-A7EA-C7067357A473}.Debug|x86.ActiveCfg = Debug|Win32
		{0D5018BE-1868-40A6-A7EA-C7067357A473}.Debug|x86.Build.0 = Debug|Win32
		{0D5018BE-1868-40A6-A7EA-C7067357A473}.Release|x64.ActiveCfg = Release|x64
		{0D5018BE-1868-40A6-A7EA-C7067357A473}.Release|x64.Build.0 = Release|x64
		{0D5018BE-1868-40A6-A7EA-C7067357A473}.Release|x86.ActiveCfg = Release|Win32
		{0D5018BE-1868-40A6-A7EA-C7067357A473}.Release|x86.Build.0 = Release|Win32
		{6005FD01-CEB9-4605-863A-0B30EBEE7E85}.Debug|x64.ActiveCfg = Debug|x64
		{6005FD01-CEB9-4605-863A-0B30EBEE7E85}.Debug|x64.Build.0 = Debug|x64
		{6005FD01-CEB9-4605-863A-0B30EBEE7E85}.Debug|x86.ActiveCfg = Debug|Win32
		{6005FD01-CEB9-4605-863A-0B30EBEE7E85}.Debug|x86.Build.0 = Debug|Win32
		{6005FD01-CEB9-4605-863A-0B30EBEE7E85}.Release|x64.ActiveCfg = Release|x64
		{6005FD01-CEB9-4605-863A-0B30EBEE7E85}.Release|x64.Build.0 = Release|x64
		{6005FD01-CEB9-4605-863A-0B30EBEE7E85}.Release|x86.ActiveCfg = Release|Win32
		{6005FD01-CEB9-4605-863A-0B30EBEE7E85}.Release|x86.Build.0 = Release|Win32
		{A00B9301-C7AD-4059-9F92-84DCDB35FDCD}.Debug|x64.ActiveCfg = Debug|x64
		{A00B9301-C7AD-4059-9F92-84DCDB35FDCD}.Debug|x64.Build.0 = Debug|x64
		{A00B9301-C7AD-4059-9F92-84DCDB35FDCD}.Debug|x86.ActiveCfg = Debug|Win32
		{A00B9301-C7AD-4059-9F92-84DCDB35FDCD}.Debug|x86.Build.0 = Debug|Win32
		{A00B9301-C7AD-4059-9F92-84DCDB35FDCD}.Release|x64.ActiveCfg = Release|x64
		{A00B9301-C7AD-4059-9F92-84DCDB35FDCD}.Release|x64.Build.0 = Release|x64
		{A00B9301-C7AD-4059-9F92-84DCDB35FDCD}.Release|x86.ActiveCfg = Release|Win32
		{A00B9301-C7AD-4059-9F92-84DCDB35FDCD}.Release|x86.Build.0 = Release|Win32
		{A3895F52-E0A7-47FC-9D9C-3081DC2EEC07}.Debug|x64.ActiveCfg = Debug|x64
		{A3895F52-E0A7-47FC-9D9C-3081DC2EEC07}.Debug|x64.Build.0 = Debug|x64
		{A3895F52-E0A7-47FC-9D9C-3081DC2EEC07}.Debug|x86.ActiveCfg = Debug|Win32
		{A3895F52-E0A7-47FC-9D9C-3081DC2EEC07}.Debug|x86.Build.0 = Debug|Win32
		{A3895F52-E0A7-47FC-9D9C-3081DC2EEC07}.Release|x64.ActiveCfg = Release|x64
		{A3895F52-E0A7-47FC-9D9C-3081DC2EEC07}.Release|x64.Build.0 = Release|x64
		{A3895F52-E0A7-47FC-9D9C-3081DC2EEC07}.Release|x86.ActiveCfg = Release|Win32
		{A3895F52-E0A7-47FC-9D9C-3081DC2EEC07}.Release|x86.Build.0 = Release|Win32
		{623C5C4C-99A1-4152-801C-7116B6C23183}.Debug|x64.ActiveCfg = Debug|x64
		{623C5C4C-99A1-4152-801C-7116B6C23183}.Debug|x64.Build.0 = Debug|x64
		{623C5C4C-99A1-4152-801C-7116B6C23183}.Debug|x86.ActiveCfg = Debug|Win32
		{623C5C4C-99A1-4152-801C-7116B6C23183}.Debug|x86.Build.0 = Debug|Win32
		{623C5C4C-99A1-4152-801C-7116B6C23183}.Release|x64.ActiveCfg = Release|x64
		{623C5C4C-99A1-4152-801C-7116B6C23183}.Release|x64.Build.0 = Release|x64
		{623C5C4C-99A1-4152-801C-7116B6C23183}.Release|x86.ActiveCfg = Release|Win32
		{623C5C4C-99A1-4152-801C-7116B6C23183}.Release|x86.Build.0 = Release|Win32
		{E4DB5CA1-DA6F-43A0-8DD7-BABADFA2B8A1}.Debug|x64.ActiveCfg = Debug|x64
		{E4DB5CA1-DA6F-43A0-8DD7-BABADFA2B8A1}.Debug|x64.Build.0 = Debug|x64
		{E4DB5CA1-DA6F-43A0-8DD7-BABADFA2B8A1}.Debug|x86.ActiveCfg = Debug|Win32
		{E4DB5CA1-DA6F-43A0-8DD7-BABADFA2B8A1}.Debug|x86.Build.0 = Debug|Win32
		{E4DB5CA1-DA6F-43A0-8DD7-BABADFA2B8A1}.Release|x64.ActiveCfg = Release|x64
		{E4DB5CA1-DA6F-43A0-8DD7-BABADFA2B8A1}.Release|x64.Build.0 = Release|x64
		{E4DB5CA1-DA6F-43A0-8DD7-BABADFA2B8A1}.Release|x86.ActiveCfg = Release|Win32
		{E4DB5CA1-DA6F-43A0-8DD7-BABADFA2B8A1}.Release|x86.Build.0 = Release|Win32
		{02E241B6-8489-4A95-8377-7C22B9F1289F}.Debug|x64.ActiveCfg = Debug|x64
		{02E241B6-8489-4A95-8377-7C22B9F1289F}.Debug|x64.Build.0 = Debug|x64
		{02E241B6-8489-4A95-8377-7C22B9F1289F}.Debug|x86.ActiveCfg = Debug|Win32
		{02E241B6-8489-4A95-8377-7C22B9F1289F}.Debug|x86.Build.0 = Debug|Win32
		{02E241B6-8489-4A95-8377-7C22B9F1289F}.Release|x64.ActiveCfg = Release|x64
		{02E241B6-8489-4A95-8377-7C22B9F1289F}.Release|x64.Build.0 = Release|x64
		{02E241B6-8489-4A95-8377-7C22B9F1289F}.Release|x86.ActiveCfg = Release|Win32
		{02E241B6-8489-4A95-8377-7C22B9F1289F}.Release|x86.Build.0 = Release|Win32
		{6776A649-AFD8-4579-9CCE-3075021B3025}.Debug|x64.ActiveCfg = Debug|x64
		{6776A649-AFD8-4579-9CCE-3075021B3025}.Debug|x64.Build.0 = Debug|x64
		{6776A649-AFD8-4579-9CCE-3075021B3025}.Debug|x86.ActiveCfg = Debug|Win32
		{6776A649-AFD8-4579-9CCE-3075021B3025}.Debug|x86.Build.0 = Debug|Win32
		{6776A649-AFD8-4579-9CCE-3075021B3025}.Release|x64.ActiveCfg = Release|x64
		{6776A649-AFD8-4579-9CCE-3075021B3025}.Release|x64.Build.0 = Release|x64
		{6776A649-AFD8-4579-9CCE-3075021B3025}.Release|x86.ActiveCfg = Release|Win32
		{6776A649-AFD8-4579-9CCE-3075021B3025}.Release|x86.Build.0 = Release|Win32
		{37F88C47-32D1-43BB-9EC5-B120A14B07C9}.Debug|x64.ActiveCfg = Debug|x64
		{37F88C47-32D1-43BB-9EC5-B120A14B07C9}.Debug|x64.Build.0 = Debug|x64
		{37F88C47-32D1-43BB-9EC5-B120A14B07C9}.Debug|x86.ActiveCfg = Debug|Win32
		{37F88C47-32D1-43BB-9EC5-B120A14B07C9}.Debug|x86.Build.0 = Debug|Win32
		{37F88C47-32D1-43BB-9EC5-B120A14B07C9}.Release|x64.ActiveCfg = Release|x64
		{37F88C47-32D1-43BB-9EC5-B120A14B07C9}.Release|x64.Build.0 = Release|x64
		{37F88C47-32D1-43BB-9EC5-B120A14B07C9}.Release|x86.ActiveCfg = Release|Win32
		{37F88C47-32D1-43BB-9EC5-B120A14B07C9}.Release|x86.Build.0 = Release|Win32
		{7163C9EA-49E7-42B3-9664-F2F4839B7F19}.Debug|x64.ActiveCfg = Debug|x64
		{7163C9EA-49E7-42B3-9664-F2F4839B7F19}.Debug|x64.Build.0 = Debug|x64
		{7163C9EA-49E7-42B3-9664-F2F4839B7F19}.Debug|x86.ActiveCfg = Debug|Win32
		{7163C9EA-49E7-42B3-9664-F2F4839B7F19}.Debug|x86.Build.0 = Debug|Win32
		{7163C9EA-49E7-42B3-9664-F2F4839B7F19}.Release|x64.ActiveCfg = Release|x64
		{7163C9EA-49E7-42B3-9664-F2F4839B7F19}.Release|x64.Build.0 = Release|x64
		{7163C9EA-49E7-42B3-9664-F2F4839B7F19}.Release|x86.ActiveCfg = Release|Win32
		{7163C9EA-49E7-42B3-9664-F2F4839B7F19}.Release|x86.Build.0 = Release|Win32
		{BA5FB5D8-F038-4564-8326-2F478FDC6D34}.Debug|x64.ActiveCfg = Debug|x64
		{BA5FB5D8-F038-4564-8326-2F478FDC6D34}.Debug|x64.Build.0 = Debug|x64
		{BA5FB5D8-F038-4564-8326-2F478FDC6D34}.Debug|x86.ActiveCfg = Debug|Win32
		{BA5FB5D8-F038-4564-8326-2F478FDC6D34}.Debug|x86.Build.0 = Debug|Win32
		{BA5FB5D8-F038-4564-8326-2F478FDC6D34}.Release|x64.ActiveCfg = Release|x64
		{BA5FB5D8-F038-4564-8326-2F478FDC6D34}.Release|x64.Build.0 = Release|x64
		{BA5FB5D8-F038-4564-8326-2F478FDC6D34}.Release|x86.ActiveCfg = Release|Win32
		{BA5FB5D8-F038-4564-8326-2F478FDC6D34}.Release|x86.Build.0 = Release|Win32
		{CBA311E9-7108-41D5-ABCE-5C1DA17CE0AE}.Debug|x64.ActiveCfg = Debug|x64
		{CBA311E9-7108-41D5-ABCE-5C1DA17CE0AE}.Debug|x64.Build.0 = Debug|x64
		{CBA311E9-7108-41D5-ABCE-5C1DA17CE0AE}.Debug|x86.ActiveCfg = Debug|Win32
		{CBA311E9-7108-41D5-ABCE-5C1DA17CE0AE}.Debug|x86.Build.0 = Debug|Win32
		{CBA311E9-7108-41D5-ABCE-5C1DA17CE0AE}.Release|x64.ActiveCfg = Release|x64
		{CBA311E9-7108-41D5-ABCE-5C1DA17CE0AE}.Release|x64.Build.0 = Release|x64
		{CBA311E9-7108-41D5-ABCE-5C1DA17CE0AE}.Release|x86.ActiveCfg = Release|Win32
		{CBA311E9-7108-41D5-ABCE-5C1DA17CE0AE}.Release|x86.Build.0 = Release|Win32
		{DDBADFB7-B9EA-40CF-A8BC-466850934E84}.Debug|x64.ActiveCfg = Debug|x64
		{DDBADFB7-B9EA-40CF-A8BC-466850934E84}.Debug|x64.Build.0 = Debug|x64
		{DDBADFB7-B9EA-40CF-A8BC-466850934E84}.Debug|x86.ActiveCfg = Debug|Win32
		{DDBADFB7-B9EA-40CF-A8BC-466850934E84}.Debug|x86.Build.0 = Debug|Win32
		{DDBADFB7-B9EA-40CF-A8BC-466850934E84}.Release|x64.ActiveCfg = Release|x64
		{DDBADFB7-B9EA-40CF-A8BC-466850934E84}.Release|x64.Build.0 = Release|x64
		{DDBADFB7-B9EA-40CF-A8BC-466850934E84}.Release|x86.ActiveCfg = Release|Win32
		{DDBADFB7-B9EA-40CF-A8BC-466850934E84}.Release|x86.Build.0 = Release|Win32
		{03006CEB-068E-4C19-BB67-4B389339BD80}.Debug|x64.ActiveCfg = Debug|x64
		{03006CEB-068E-4C19-BB67-4B389339BD80}.Debug|x64.Build.0 = Debug|x64
		{03006CEB-068E-4C19-BB67-4B389339BD80}.Debug|x86.ActiveCfg = Debug|Win32
		{03006CEB-068E-4C19-BB67-4B389339BD80}.Debug|x86.Build.0 = Debug|Win32
		{03006CEB-068E-4C19-BB67-4B389339BD80}.Release|x64.ActiveCfg = Release|x64
		{03006CEB-068E-4C19-BB67-4B389339BD80}.Release|x64.Build.0 = Release|x64
		{03006CEB-068E-4C19-BB67-4B389339BD80}.Release|x86.ActiveCfg = Release|Win32
		{03006CEB-068E-4C19-BB67-4B389339BD80}.Release|x86.Build.0 = Release|Win32
		{C2B09684-F5D6-45F6-93DC-ECA209926E61}.Debug|x64.ActiveCfg = Debug|x64
		{C2B09684-F5D6-45F6-93DC-ECA209926E61}.Debug|x64.Build.0 = Debug|x64
		{C2B09684-F5D6-45F6-93DC-ECA209926E61}.Debug|x86.ActiveCfg = Debug|Win32
		{C2B09684-F5D6-45F6-93DC-ECA209926E61}.Debug|x86.Build.0 = Debug|Win32
		{C2B09684-F5D6-45F6-93DC-ECA209926E61}.Release|x64.ActiveCfg = Release|x64
		{C2B09684-F5D6-45F6-93DC-ECA209926E61}.Release|x64.Build.0 = Release|x64
		{C2B09684-F5D6-45F6-93DC-ECA209926E61}.Release|x86.ActiveCfg = Release|Win32
		{C2B09684-F5D6-45F6-93DC-ECA209926E61}.Release|x86.Build.0 = Release|Win32
		{9CD1ED5B-8AE5-421D-A564-8AC723A66BE0}.Debug|x64.ActiveCfg = Debug|x64
		{9CD1ED5B-8AE5-421D-A564-8AC723A66BE0}.Debug|x64.Build.0 = Debug|x64
		{9CD1ED5B-8AE5-421D-A564-8AC723A66BE0}.Debug|x86.ActiveCfg = Debug|Win32
		{9CD1ED5B-8AE5-421D-A564-8AC723A66BE0}.Debug|x86.Build.0 = Debug|Win32
		{9CD1ED5B-8AE5-421D-A564-8AC723A66BE0}.Release|x64.ActiveCfg = Release|x64
		{9CD1ED5B-8AE5-421D-A564-8AC723A66BE0}.Release|x64.Build.0 = Release|x64
		{9CD1ED5B-8AE5-421D-A564-8AC723A66BE0}.Release|x86.ActiveCfg = Release|Win32
		{9CD1ED5B-8AE5-421D-A564-8AC723A66BE0}.Release|x86.Build.0 = Release|Win32
		{36BE6302-A841-4737-9572-7F634EAC237D}.Debug|x64.ActiveCfg = Debug|x64
		{36BE6302-A841-4737-9572-7F634EAC237D}.Debug|x64.Build.0 = Debug|x64
		{36BE6302-A841-4737-9572-7F634EAC237D}.Debug|x86.ActiveCfg = Debug|Win32
		{36BE6302-A841-4737-9572-7F634EAC237D}.Debug|x86.Build.0 = Debug|Win32
		{36BE6302-A841-4737-9572-7F634EAC237D}.Release|x64.ActiveCfg = Release|x64
		{36BE6302-A841-4737-9572-7F634EAC237D}.Release|x64.Build.0 = Release|x64
		{36BE6302-A841-4737-9572-7F634EAC237D}.Release|x86.ActiveCfg = Release|Win32
		{36BE6302-A841-4737-9572-7F634EAC237D}.Release|x86.Build.0 = Release|Win32
		{95EB826B-4F4E-427D-91A0-E8D2CF613736}.Debug|x64.ActiveCfg = Debug|x64
		{95EB826B-4F4E-427D-91A0-E8D2CF613736}.Debug|x64.Build.0 = Debug|x64
		{95EB826B-4F4E-427D-91A0-E8D2CF613736}.Debug|x86.ActiveCfg = Debug|Win32
		{95EB826B-4F4E-427D-91A0-E8D2CF613736}.Debug|x86.Build.0 = Debug|Win32
		{95EB826B-4F4E-427D-91A0-E8D2CF613736}.Release|x64.ActiveCfg = Release|x64
		{95EB826B-4F4E-427D-91A0-E8D2CF613736}.Release|x64.Build.0 = Release|x64
		{95EB826B-4F4E-427D-91A0-E8D2CF613736}.Release|x86.ActiveCfg = Release|Win32
		{95EB826B-4F4E-427D-91A0-E8D2CF613736}.Release|x86.Build.0 = Release|Win32
		{032B2CD4-A7F9-4CAE-BCFE-0D420304ECAC}.Debug|x64.ActiveCfg = Debug|x64
		{032B2CD4-A7F9-4CAE-BCFE-0D420304ECAC}.Debug|x64.Build.0 = Debug|x64
		{032B2CD4-A7F9-4CAE-BCFE-0D420304ECAC}.Debug|x86.ActiveCfg = Debug|Win32
		{032B2CD4-A7F9-4CAE-BCFE-0D420304ECAC}.Debug|x86.Build.0 = Debug|Win32
		{032B2CD4-A7F9-4CAE-BCFE-0D420304ECAC}.Release|x64.ActiveCfg = Release|x64
		{032B2CD4-A7F9-4CAE-BCFE-0D420304ECAC}.Release|x64.Build.0 = Release|x64
		{032B2CD4-A7F9-4CAE-BCFE-0D420304ECAC}.Release|x86.ActiveCfg = Release|Win32
		{032B2CD4-A7F9-4CAE-BCFE-0D420304ECAC}.Release|x86.Build.0 = Release|Win32
		{B12EA4D9-070E-4AC2-AE6D-FE439EACDE4D}.Debug|x64.ActiveCfg = Debug|x64
		{B12EA4D9-070E-4AC2-AE6D-FE439EACDE4D}.Debug|x64.Build.0 = Debug|x64
		{B12EA4D9-070E-4AC2-AE6D-FE439EACDE4D}.Debug|x86.ActiveCfg = Debug|Win32
		{B12EA4D9-070E-4AC2-AE6D-FE439EACDE4D}.Debug|x86.Build.0 = Debug|Win32
		{B12EA4D9-070E-4AC2-AE6D-FE439EACDE4D}.Release|x64.ActiveCfg = Release|x64
		{B12EA4D9-070E-4AC2-AE6D-FE439EACDE4D}.Release|x64.Build.0 = Release|x64
		{B12EA4D9-070E-4AC2-AE6D-FE439EACDE4D}.Release|x86.ActiveCfg = Release|Win32
		{B12EA4D9-070E-4AC2-AE6D-FE439EACDE4D}.Release|x86.Build.0 = Release|Win32
		{80DD9321-D9D0-4DAB-8195-EBC265574B43}.Debug|x64.ActiveCfg = Debug|x64
		{80DD9321-D9D0-4DAB-8195-EBC265574B43}.Debug|x64.Build.0 = Debug|x64
		{80DD9321-D9D0-4DAB-8195-EBC265574B43}.Debug|x86.ActiveCfg = Debug|Win32
		{80DD9321-D9D0-4DAB-8195-EBC265574B43}.Debug|x86.Build.0 = Debug|Win32
		{80DD9321-D9D0-4DAB-8195-EBC265574B43}.Release|x64.ActiveCfg = Release|x64
		{80DD9321-D9D0-4DAB-8195-EBC265574B43}.Release|x64.Build.0 = Release|x64
		{80DD9321-D9D0-4DAB-8195-EBC265574B43}.Release|x86.ActiveCfg = Release|Win32
		{80DD9321-D9D0-4DAB-8195-EBC265574B43}.Release|x86.Build.0 = Release|Win32
		{CBBE7B32-C1D9-4B5D-BABF-F782C1400231}.Debug|x64.ActiveCfg = Debug|x64
		{CBBE7B32-C1D9-4B5D-BABF-F782C1400231}.Debug|x64.Build.0 = Debug|x64
		{CBBE7B32-C1D9-4B5D-BABF-F782C1400231}.Debug|x86.ActiveCfg = Debug|Win32
		{CBBE7B32-C1D9-4B5D-BABF-F782C1400231}.Debug|x86.Build.0 = Debug|Win32
		{CBBE7B32-C1D9-4B5D-BABF-F782C1400231}.Release|x64.ActiveCfg = Release|x64
		{CBBE7B32-C1D9-4B5D-BABF-F782C1400231}.Release|x64.Build.0 = Release|x64
		{CBBE7B32-C1D9-4B5D-BABF-F782C1400231}.Release|x86.ActiveCfg = Release|Win32
		{CBBE7B32-C1D9-4B5D-BABF-F782C1400231}.Release|x86.Build.0 = Release|Win32
		{855DD395-C72D-4E86-96CC-8C7B83877E8E}.Debug|x64.ActiveCfg = Debug|x64
		{855DD395-C72D-4E86-96CC-8C7B83877E8E}.Debug|x64.Build.0 = Debug|x64
		{855DD395-C72D-4E86-96CC-8C7B83877E8E}.Debug|x86.ActiveCfg = Debug|Win32
		{855DD395-C72D-4E86-96CC-8C7B83877E8E}.Debug|x86.Build.0 = Debug|Win32
		{855DD395-C72D-4E86-96CC-8C7B83877E8E}.Release|x64.ActiveCfg = Release|x64
		{855DD395-C72D-4E86-96CC-8C7B83877E8E}.Release|x64.Build.0 = Release|x64
		{855DD395-C72D-4E86-96CC-8C7B83877E8E}.Release|x86.ActiveCfg = Release|Win32
		{855DD395-C72D-4E86-96CC-8C7B83877E8E}.Release|x86.Build.0 = Release|Win32
		{A8765AA3-7B0A-4547-A60E-2651123709EF}.Debug|x64.ActiveCfg = Debug|x64
		{A8765AA3-7B0A-4547-A60E-2651123709EF}.Debug|x64.Build.0 = Debug|x64
		{A8765AA3-7B0A-4547-A60E-2651123709EF}.Debug|x86.ActiveCfg = Debug|Win32
		{A8765AA3-7B0A-4547-A60E-2651123709EF}.Debug|x86.Build.0 = Debug|Win32
		{A8765AA3-7B0A-4547-A60E-2651123709EF}.Release|x64.ActiveCfg = Release|x64
		{A8765AA3-7B0A-4547-A60E-2651123709EF}.Release|x64.Build.0 = Release|x64
		{A8765AA3-7B0A-4547-A60E-2651123709EF}.Release|x86.ActiveCfg = Release|Win32
		{A8765AA3-7B0A-4547-A60E-2651123709EF}.Release|x86.Build.0 = Release|Win32
		{5190FD7F-22A0-4463-AEE1-E379787A1293}.Debug|x64.ActiveCfg = Debug|x64
		{5190FD7F-22A0-4463-AEE1-E379787A1293}.Debug|x64.Build.0 = Debug|x64
		{5190FD7F-22A0-4463-AEE1-E379787A1293}.Debug|x86.ActiveCfg = Debug|Win32
		{5190FD7F-22A0-4463-AEE1-E379787A1293}.Debug|x86.Build.0 = Debug|Win32
		{5190FD7F-22A0-4463-AEE1-E379787A1293}.Release|x64.ActiveCfg = Release|x64
		{5190FD7F-22A0-4463-AEE1-E379787A1293}.Release|x64.Build.0 = Release|x64
		{5190FD7F-22A0-4463-AEE1-E379787A1293}.Release|x86.ActiveCfg = Release|Win32
		{5190FD7F-22A0-4463-AEE1-E379787A1293}.Release|x86.Build.0 = Release|Win32
		{CEA352CD-0140-4C6B-9C3C-EF99A6EC5D46}.Debug|x64.ActiveCfg = Debug|x64
		{CEA352CD-0140-4C6B-9C3C-EF99A6EC5D46}.Debug|x64.Build.0 = Debug|x64
		{CEA352CD-0140-4C6B-9C3C-EF99A6EC5D46}.Debug|x86.ActiveCfg = Debug|Win32
		{CEA352CD-0140-4C6B-9C3C-EF99A6EC5D46}.Debug|x86.Build.0 = Debug|Win32
		{CEA352CD-0140-4C6B-9C3C-EF99A6EC5D46}.Release|x64.ActiveCfg = Release|x64
		{CEA352CD-0140-4C6B-9C3C-EF99A6EC5D46}.Release|x64.Build.0 = Release|x64
		{CEA352CD-0140-4C6B-9C3C-EF99A6EC5D46}.Release|x86.ActiveCfg = Release|Win32
		{CEA352CD-0140-4C6B-9C3C-EF99A6EC5D46}.Release|x86.Build.0 = Release|Win32
		{29DF3834-FA58-4A01-B690-69414F1EEE7A}.Debug|x64.ActiveCfg = Debug|x64
		{29DF3834-FA58-4A01-B690-69414F1EEE7A}.Debug|x64.Build.0 = Debug|x64
		{29DF3834-FA58-4A01-B690-69414F1EEE7A}.Debug|x86.ActiveCfg = Debug|Win32
		{29DF3834-FA58-4A01-B690-69414F1EEE7A}.Debug|x86.Build.0 = Debug|Win32
		{29DF3834-FA58-4A01-B690-69414F1EEE7A}.Release|x64.ActiveCfg = Release|x64
		{29DF3834-FA58-4A01-B690-69414F1EEE7A}.Release|x64.Build.0 = Release|x64
		{29DF3834-FA58-4A01-B690-69414F1EEE7A}.Release|x86.ActiveCfg = Release|Win32
		{29DF3834-FA58-4A01-B690-69414F1EEE7A}.Release|x86.Build.0 = Release|Win32
		{086277AC-445F-42E9-8E84-55C7A25F4F37}.Debug|x64.ActiveCfg = Debug|x64
		{086277AC-445F-42E9-8E84-55C7A25F4F37}.Debug|x64.Build.0 = Debug|x64
		{086277AC-445F-42E9-8E84-55C7A25F4F37}.Debug|x86.ActiveCfg = Debug|Win32
		{086277AC-445F-42E9-8E84-55C7A25F4F37}.Debug|x86.Build.0 = Debug|Win32
		{086277AC-445F-42E9-8E84-55C7A25F4F37}.Release|x64.ActiveCfg = Release|x64
		{086277AC-445F-42E9-8E84-55C7A25F4F37}.Release|x64.Build.0 = Release|x64
		{086277AC-445F-42E9-8E84-55C7A25F4F37}.Release|x86.ActiveCfg = Release|Win32
		{086277AC-445F-42E9-8E84-55C7A25F4F37}.Release|x86.Build.0 = Release|Win32
		{6CBFB060-F98E-44C0-A1CB-887E1FE6C21A}.Debug|x64.ActiveCfg = Debug|x64
		{6CBFB060-F98E-44C0-A1CB-887E1FE6C21A}.Debug|x64.Build.0 = Debug|x64
		{6CBFB060-F98E-44C0-A1CB-887E1FE6C21A}.Debug|x86.ActiveCfg = Debug|Win32
		{6CBFB060-F98E-44C0-A1CB-887E1FE6C21A}.Debug|x86.Build.0 = Debug|Win32
		{6CBFB060-F98E-44C0-A1CB-887E1FE6C21A}.Release|x64.ActiveCfg = Release|x64
		{6CBFB060-F98E-44C0-A1CB-887E1FE6C21A}.Release|x64.Build.0 = Release|x64
		{6CBFB060-F98E-44C0-A1CB-887E1FE6C21A}.Release|x86.ActiveCfg = Release|Win32
		{6CBFB060-F98E-44C0-A1CB-887E1FE6C21A}.Release|x86.Build.0 = Release|Win32
		{4499A438-71E3-4B44-AA6C-BDB47A287022}.Debug|x64.ActiveCfg = Debug|x64
		{4499A438-71E3-4B44-AA6C-BDB47A287022}.Debug|x64.Build.0 = Debug|x64
		{4499A438-71E3-4B44-AA6C-BDB47A287022}.Debug|x86.ActiveCfg = Debug|Win32
		{4499A438-71E3-4B44-AA6C-BDB47A287022}.Debug|x86.Build.0 = Debug|Win32
		{4499A438-71E3-4B44-AA6C-BDB47A287022}.Release|x64.ActiveCfg = Release|x64
		{4499A438-71E3-4B44-AA6C-BDB47A287022}.Release|x64.Build.0 = Release|x64
		{4499A438-71E3-4B44-AA6C-BDB47A287022}.Release|x86.ActiveCfg = Release|Win32
		{4499A438-71E3-4B44-AA6C-BDB47A287022}.Release|x86.Build.0 = Release|Win32
		{01E94B34-4299-4861-BDFC-922216B66755}.Debug|x64.ActiveCfg = Debug|x64
		{01E94B34-4299-4861-BDFC-922216B66755}.Debug|x64.Build.0 = Debug|x64
		{01E94B34-4299-4861-BDFC-922216B66755}.Debug|x86.ActiveCfg = Debug|Win32
		{01E94B34-4299-4861-BDFC-922216B66755}.Debug|x86.Build.0 = Debug|Win32
		{01E94B34-4299-4861-BDFC-922216B66755}.Release|x64.ActiveCfg = Release|x64
		{01E94B34-4299-4861-BDFC-922216B66755}.Release|x64.Build.0 = Release|x64
		{01E94B34-4299-4861-BDFC-922216B66755}.Release|x86.ActiveCfg = Release|Win32
		{01E94B34-4299-4861-BDFC-922216B66755}.Release|x86.Build.0 = Release|Win32
		{684581CA-05C1-472F-AEB9-DAF10D27ECE8}.Debug|x64.ActiveCfg = Debug|x64
		{684581CA-05C1-472F-AEB9-DAF10D27ECE8}.Debug|x64.Build.0 = Debug|x64
		{684581CA-05C1-472F-AEB9-DAF10D27ECE8}.Debug|x86.ActiveCfg = Debug|Win32
		{684581CA-05C1-472F-AEB9-DAF10D27ECE8}.Debug|x86.Build.0 = Debug|Win32
		{684581CA-05C1-472F-AEB9-DAF10D27ECE8}.Release|x64.ActiveCfg = Release|x64
		{684581CA-05C1-472F-AEB9-DAF10D27ECE8}.Release|x64.Build.0 = Release|x64
		{684581CA-05C1-472F-AEB9-DAF10D27ECE8}.Release|x86.ActiveCfg = Release|Win32
		{684581CA-05C1-472F-AEB9-DAF10D27ECE8}.Release|x86.Build.0 = Release|Win32
		{F169D6A7-A434-4521-8239-D0C3EDEC5827}.Debug|x64.ActiveCfg = Debug|x64
		{F169D6A7-A434-4521-8239-D0C3EDEC5827}.Debug|x64.Build.0 = Debug|x64
		{F169D6A7-A434-4521-8239-D0C3EDEC5827}.Debug|x86.ActiveCfg = Debug|Win32
		{F169D6A7-A434-4521-8239-D0C3EDEC5827}.Debug|x86.Build.0 = Debug|Win32
		{F169D6A7-A434-4521-8239-D0C3EDEC5827}.Release|x64.ActiveCfg = Release|x64
		{F169D6A7-A434-4521-8239-D0C3EDEC5827}.Release|x64.Build.0 = Release|x64
		{F169D6A7-A434-4521-8239-D0C3EDEC5827}.Release|x86.ActiveCfg = Release|Win32
		{F169D6A7-A434-4521-8239-D0C3EDEC5827}.Release|x86.Build.0 = Release|Win32
		{5467D217-EF7B-4344-8A5C-6B1522E47515}.Debug|x64.ActiveCfg = Debug|x64
		{5467D217-EF7B-4344-8A5C-6B1522E47515}.Debug|x64.Build.0 = Debug|x64
		{5467D217-EF7B-4344-8A5C-6B1522E47515}.Debug|x86.ActiveCfg = Debug|Win32
		{5467D217-EF7B-4344-8A5C-6B1522E47515}.Debug|x86.Build.0 = Debug|Win32
		{5467D217-EF7B-4344-8A5C-6B1522E47515}.Release|x64.ActiveCfg = Release|x64
		{5467D217-EF7B-4344-8A5C-6B1522E47515}.Release|x64.Build.0 = Release|x64
		{5467D217-EF7B-4344-8A5C-6B1522E47515}.Release|x86.ActiveCfg = Release|Win32
		{5467D217-EF7B-4344-8A5C-6B1522E47515}.Release|x86.Build.0 = Release|Win32
		{82B8D2B7-5690-4B19-95EE-554A874B32F9}.Debug|x64.ActiveCfg = Debug|x64
		{82B8D2B7-5690-4B19-95EE-554A874B32F9}.Debug|x64.Build.0 = Debug|x64
		{82B8D2B7-5690-4B19-95EE-554A874B32F9}.Debug|x86.ActiveCfg = Debug|Win32
		{82B8D2B7-5690-4B19-95EE-554A874B32F9}.Debug|x86.Build.0 = Debug|Win32
		{82B8D2B7-5690-4B19-95EE-554A874B32F9}.Release|x64.ActiveCfg = Release|x64
		{82B8D2B7-5690-4B19-95EE-554A874B32F9}.Release|x64.Build.0 = Release|x64
		{82B8D2B7-5690-4B19-95EE-554A874B32F9}.Release|x86.ActiveCfg = Release|Win32
		{82B8D2B7-5690-4B19-95EE-554A874B32F9}.Release|x86.Build.0 = Release|Win32
		{82444963-B209-4EE9-969E-F5BC8F3E7B22}.Debug|x64.ActiveCfg = Debug|x64
		{82444963-B209-4EE9-969E-F5BC8F3E7B22}.Debug|x64.Build.0 = Debug|x64
		{82444963-B209-4EE9-969E-F5BC8F3E7B22}.Debug|x86.ActiveCfg = Debug|Win32
		{82444963-B209-4EE9-969E-F5BC8F3E7B22}.Debug|x86.Build.0 = Debug|Win32
		{82444963-B209-4EE9-969E-F5BC8F3E7B22}.Release|x64.ActiveCfg = Release|x64
		{82444963-B209-4EE9-969E-F5BC8F3E7B22}.Release|x64.Build.0 = Release|x64
		{82444963-B209-4EE9-969E-F5BC8F3E7B22}.Release|x86.ActiveCfg = Release|Win32
		{82444963-B209-4EE9-969E-F5BC8F3E7B22}.Release|x86.Build.0 = Release|Win32
	EndGlobalSection
	GlobalSection(SolutionProperties) = preSolution
		HideSolutionNode = FALSE
	EndGlobalSection
	GlobalSection(NestedProjects) = preSolution
		{CBA311E9-7108-41D5-ABCE-5C1DA17CE0AE} = {856F35E2-8D4F-46C9-9C23-02BD45F2316E}
		{80DD9321-D9D0-4DAB-8195-EBC265574B43} = {856F35E2-8D4F-46C9-9C23-02BD45F2316E}
		{01E94B34-4299-4861-BDFC-922216B66755} = {856F35E2-8D4F-46C9-9C23-02BD45F2316E}
		{82444963-B209-4EE9-969E-F5BC8F3E7B22} = {856F35E2-8D4F-46C9-9C23-02BD45F2316E}
	EndGlobalSection
	GlobalSection(ExtensibilityGlobals) = postSolution
		SolutionGuid = {D7856141-9826-47C7-8761-5BFF76F6470A}
	EndGlobalSection
EndGlobal
